
Microsoft Visual Studio Solution File, Format Version 12.00
# Visual Studio Version 16
VisualStudioVersion = 16.0.30523.141
MinimumVisualStudioVersion = 10.0.40219.1
Project("{FAE04EC0-301F-11D3-BF4B-00C04F79EFBC}") = "AliInfo", "AliInfo\AliInfo.csproj", "{8DE761E5-A119-4CDD-919B-3A1283B8995E}"
EndProject
Global
	GlobalSection(SolutionConfigurationPlatforms) = preSolution
		Debug|Any CPU = Debug|Any CPU
		Release|Any CPU = Release|Any CPU
	EndGlobalSection
	GlobalSection(ProjectConfigurationPlatforms) = postSolution
		{8DE761E5-A119-4CDD-919B-3A1283B8995E}.Debug|Any CPU.ActiveCfg = Debug|Any CPU
		{8DE761E5-A119-4CDD-919B-3A1283B8995E}.Debug|Any CPU.Build.0 = Debug|Any CPU
		{8DE761E5-A119-4CDD-919B-3A1283B8995E}.Release|Any CPU.ActiveCfg = Release|Any CPU
		{8DE761E5-A119-4CDD-919B-3A1283B8995E}.Release|Any CPU.Build.0 = Release|Any CPU
	EndGlobalSection
	GlobalSection(SolutionProperties) = preSolution
		HideSolutionNode = FALSE
	EndGlobalSection
	GlobalSection(ExtensibilityGlobals) = postSolution
		SolutionGuid = {AD8E0D12-4374-4365-AE28-675E5262BDC2}
	EndGlobalSection
EndGlobal
